
Microsoft Visual Studio Solution File, Format Version 12.00
# Visual Studio Version 17
VisualStudioVersion = 17.5.002.0
MinimumVisualStudioVersion = 10.0.40219.1
Project("{9A19103F-16F7-4668-BE54-9A1E7A4F7556}") = "testLib", "testLib.csproj", "{5F43A697-2DE2-4BA5-9B1E-DA7118A589F9}"
EndProject
Global
	GlobalSection(SolutionConfigurationPlatforms) = preSolution
		Debug|Any CPU = Debug|Any CPU
		Release|Any CPU = Release|Any CPU
	EndGlobalSection
	GlobalSection(ProjectConfigurationPlatforms) = postSolution
		{5F43A697-2DE2-4BA5-9B1E-DA7118A589F9}.Debug|Any CPU.ActiveCfg = Debug|Any CPU
		{5F43A697-2DE2-4BA5-9B1E-DA7118A589F9}.Debug|Any CPU.Build.0 = Debug|Any CPU
		{5F43A697-2DE2-4BA5-9B1E-DA7118A589F9}.Release|Any CPU.ActiveCfg = Release|Any CPU
		{5F43A697-2DE2-4BA5-9B1E-DA7118A589F9}.Release|Any CPU.Build.0 = Release|Any CPU
	EndGlobalSection
	GlobalSection(SolutionProperties) = preSolution
		HideSolutionNode = FALSE
	EndGlobalSection
	GlobalSection(ExtensibilityGlobals) = postSolution
		SolutionGuid = {4F483604-1544-4E53-B477-31755BB70628}
	EndGlobalSection
EndGlobal
